
Microsoft Visual Studio Solution File, Format Version 12.00
# Visual Studio Version 17
VisualStudioVersion = 17.1.32210.238
MinimumVisualStudioVersion = 10.0.40219.1
Project("{FAE04EC0-301F-11D3-BF4B-00C04F79EFBC}") = "Examen", "Examen\Examen.csproj", "{5A0D3F67-16B0-4D75-BC5E-65143B5CD935}"
EndProject
Project("{FAE04EC0-301F-11D3-BF4B-00C04F79EFBC}") = "Conectar", "Conectar\Conectar.csproj", "{DEAB12D8-2493-442F-ACF9-7D3D5B916D26}"
EndProject
Global
	GlobalSection(SolutionConfigurationPlatforms) = preSolution
		Debug|Any CPU = Debug|Any CPU
		Release|Any CPU = Release|Any CPU
	EndGlobalSection
	GlobalSection(ProjectConfigurationPlatforms) = postSolution
		{5A0D3F67-16B0-4D75-BC5E-65143B5CD935}.Debug|Any CPU.ActiveCfg = Debug|Any CPU
		{5A0D3F67-16B0-4D75-BC5E-65143B5CD935}.Debug|Any CPU.Build.0 = Debug|Any CPU
		{5A0D3F67-16B0-4D75-BC5E-65143B5CD935}.Release|Any CPU.ActiveCfg = Release|Any CPU
		{5A0D3F67-16B0-4D75-BC5E-65143B5CD935}.Release|Any CPU.Build.0 = Release|Any CPU
		{DEAB12D8-2493-442F-ACF9-7D3D5B916D26}.Debug|Any CPU.ActiveCfg = Debug|Any CPU
		{DEAB12D8-2493-442F-ACF9-7D3D5B916D26}.Debug|Any CPU.Build.0 = Debug|Any CPU
		{DEAB12D8-2493-442F-ACF9-7D3D5B916D26}.Release|Any CPU.ActiveCfg = Release|Any CPU
		{DEAB12D8-2493-442F-ACF9-7D3D5B916D26}.Release|Any CPU.Build.0 = Release|Any CPU
	EndGlobalSection
	GlobalSection(SolutionProperties) = preSolution
		HideSolutionNode = FALSE
	EndGlobalSection
	GlobalSection(ExtensibilityGlobals) = postSolution
		SolutionGuid = {B83A0F3E-C3AF-44EA-8E71-6858CEC897A9}
	EndGlobalSection
EndGlobal
